
Microsoft Visual Studio Solution File, Format Version 12.00
# Visual Studio Version 17
VisualStudioVersion = 17.14.36408.4 d17.14
MinimumVisualStudioVersion = 10.0.40219.1
Project("{FAE04EC0-301F-11D3-BF4B-00C04F79EFBC}") = "ProcessController_Server", "TMP_Laba4_Server\ProcessController_Server.csproj", "{726C6662-AB3D-4C06-8C06-42B0C83C844F}"
EndProject
Project("{FAE04EC0-301F-11D3-BF4B-00C04F79EFBC}") = "ProcessController_Client", "TMP_Laba4_Client\ProcessController_Client.csproj", "{596DFD04-6824-4331-BCDE-F198FE60EB6A}"
EndProject
Global
	GlobalSection(SolutionConfigurationPlatforms) = preSolution
		Debug|Any CPU = Debug|Any CPU
		Release|Any CPU = Release|Any CPU
	EndGlobalSection
	GlobalSection(ProjectConfigurationPlatforms) = postSolution
		{726C6662-AB3D-4C06-8C06-42B0C83C844F}.Debug|Any CPU.ActiveCfg = Debug|Any CPU
		{726C6662-AB3D-4C06-8C06-42B0C83C844F}.Debug|Any CPU.Build.0 = Debug|Any CPU
		{726C6662-AB3D-4C06-8C06-42B0C83C844F}.Release|Any CPU.ActiveCfg = Release|Any CPU
		{726C6662-AB3D-4C06-8C06-42B0C83C844F}.Release|Any CPU.Build.0 = Release|Any CPU
		{596DFD04-6824-4331-BCDE-F198FE60EB6A}.Debug|Any CPU.ActiveCfg = Debug|Any CPU
		{596DFD04-6824-4331-BCDE-F198FE60EB6A}.Debug|Any CPU.Build.0 = Debug|Any CPU
		{596DFD04-6824-4331-BCDE-F198FE60EB6A}.Release|Any CPU.ActiveCfg = Release|Any CPU
		{596DFD04-6824-4331-BCDE-F198FE60EB6A}.Release|Any CPU.Build.0 = Release|Any CPU
	EndGlobalSection
	GlobalSection(SolutionProperties) = preSolution
		HideSolutionNode = FALSE
	EndGlobalSection
	GlobalSection(ExtensibilityGlobals) = postSolution
		SolutionGuid = {22C5D8E7-A945-4F23-813F-D516F504A0A7}
	EndGlobalSection
EndGlobal
